
Microsoft Visual Studio Solution File, Format Version 12.00
# Visual Studio 15
VisualStudioVersion = 15.0.28307.136
MinimumVisualStudioVersion = 10.0.40219.1
Project("{FAE04EC0-301F-11D3-BF4B-00C04F79EFBC}") = "Mercedes_Shop", "Mercedes_Shop\Mercedes_Shop.csproj", "{BEBAF507-BD0E-48B2-8251-B1664302A3FD}"
EndProject
Global
	GlobalSection(SolutionConfigurationPlatforms) = preSolution
		Debug|Any CPU = Debug|Any CPU
		Release|Any CPU = Release|Any CPU
	EndGlobalSection
	GlobalSection(ProjectConfigurationPlatforms) = postSolution
		{BEBAF507-BD0E-48B2-8251-B1664302A3FD}.Debug|Any CPU.ActiveCfg = Debug|Any CPU
		{BEBAF507-BD0E-48B2-8251-B1664302A3FD}.Debug|Any CPU.Build.0 = Debug|Any CPU
		{BEBAF507-BD0E-48B2-8251-B1664302A3FD}.Release|Any CPU.ActiveCfg = Release|Any CPU
		{BEBAF507-BD0E-48B2-8251-B1664302A3FD}.Release|Any CPU.Build.0 = Release|Any CPU
	EndGlobalSection
	GlobalSection(SolutionProperties) = preSolution
		HideSolutionNode = FALSE
	EndGlobalSection
	GlobalSection(ExtensibilityGlobals) = postSolution
		SolutionGuid = {317015C0-934D-4B51-B58B-836F894F5A09}
	EndGlobalSection
EndGlobal
